{
  "version": 4,
  "terraform_version": "1.12.2",
  "serial": 40,
  "lineage": "93db646c-9499-f2ad-7daf-e15509ead5c7",
  "outputs": {},
  "resources": [
    {
      "module": "module.clouddns",
      "mode": "managed",
      "type": "google_dns_managed_zone",
      "name": "zones",
      "provider": "provider[\"registry.terraform.io/hashicorp/google\"]",
      "instances": [
        {
          "index_key": "private-zone",
          "schema_version": 0,
          "attributes": {
            "cloud_logging_config": [
              {
                "enable_logging": false
              }
            ],
            "creation_time": "2025-07-17T04:41:44.778Z",
            "description": "Private internal DNS zone",
            "dns_name": "internal.example.com.",
            "dnssec_config": [],
            "effective_labels": {
              "goog-terraform-provisioned": "true"
            },
            "force_destroy": false,
            "forwarding_config": [],
            "id": "projects/testing-practice-462409/managedZones/private-zone",
            "labels": null,
            "managed_zone_id": 1534632672,
            "name": "private-zone",
            "name_servers": [
              "ns-gcp-private.googledomains.com."
            ],
            "peering_config": [],
            "private_visibility_config": [
              {
                "gke_clusters": [],
                "networks": [
                  {
                    "network_url": "https://www.googleapis.com/compute/v1/projects/testing-practice-462409/global/networks/terraform-testing-vpc"
                  }
                ]
              }
            ],
            "project": "testing-practice-462409",
            "terraform_labels": {
              "goog-terraform-provisioned": "true"
            },
            "timeouts": null,
            "visibility": "private"
          },
          "sensitive_attributes": [],
          "identity_schema_version": 0,
          "private": "eyJlMmJmYjczMC1lY2FhLTExZTYtOGY4OC0zNDM2M2JjN2M0YzAiOnsiY3JlYXRlIjoxMjAwMDAwMDAwMDAwLCJkZWxldGUiOjEyMDAwMDAwMDAwMDAsInVwZGF0ZSI6MTIwMDAwMDAwMDAwMH19",
          "dependencies": [
            "module.vpc.google_compute_network.vpc_network"
          ]
        }
      ]
    },
    {
      "module": "module.cloudrouter",
      "mode": "managed",
      "type": "google_compute_router",
      "name": "router",
      "provider": "provider[\"registry.terraform.io/hashicorp/google\"]",
      "instances": [
        {
          "index_key": "router-central",
          "schema_version": 0,
          "attributes": {
            "bgp": [],
            "creation_timestamp": "2025-07-16T21:41:44.090-07:00",
            "description": "",
            "encrypted_interconnect_router": false,
            "id": "projects/testing-practice-462409/regions/us-central1/routers/router-central",
            "md5_authentication_keys": [],
            "name": "router-central",
            "network": "https://www.googleapis.com/compute/v1/projects/testing-practice-462409/global/networks/terraform-testing-vpc",
            "project": "testing-practice-462409",
            "region": "us-central1",
            "self_link": "https://www.googleapis.com/compute/v1/projects/testing-practice-462409/regions/us-central1/routers/router-central",
            "timeouts": null
          },
          "sensitive_attributes": [],
          "identity_schema_version": 0,
          "private": "eyJlMmJmYjczMC1lY2FhLTExZTYtOGY4OC0zNDM2M2JjN2M0YzAiOnsiY3JlYXRlIjoxMjAwMDAwMDAwMDAwLCJkZWxldGUiOjEyMDAwMDAwMDAwMDAsInVwZGF0ZSI6MTIwMDAwMDAwMDAwMH19",
          "dependencies": [
            "module.vpc.google_compute_network.vpc_network"
          ]
        },
        {
          "index_key": "router-east",
          "schema_version": 0,
          "attributes": {
            "bgp": [],
            "creation_timestamp": "2025-07-16T21:41:45.186-07:00",
            "description": "",
            "encrypted_interconnect_router": false,
            "id": "projects/testing-practice-462409/regions/us-east1/routers/router-east",
            "md5_authentication_keys": [],
            "name": "router-east",
            "network": "https://www.googleapis.com/compute/v1/projects/testing-practice-462409/global/networks/terraform-testing-vpc",
            "project": "testing-practice-462409",
            "region": "us-east1",
            "self_link": "https://www.googleapis.com/compute/v1/projects/testing-practice-462409/regions/us-east1/routers/router-east",
            "timeouts": null
          },
          "sensitive_attributes": [],
          "identity_schema_version": 0,
          "private": "eyJlMmJmYjczMC1lY2FhLTExZTYtOGY4OC0zNDM2M2JjN2M0YzAiOnsiY3JlYXRlIjoxMjAwMDAwMDAwMDAwLCJkZWxldGUiOjEyMDAwMDAwMDAwMDAsInVwZGF0ZSI6MTIwMDAwMDAwMDAwMH19",
          "dependencies": [
            "module.vpc.google_compute_network.vpc_network"
          ]
        }
      ]
    },
    {
      "module": "module.storage",
      "mode": "managed",
      "type": "google_storage_bucket",
      "name": "buckets",
      "provider": "provider[\"registry.terraform.io/hashicorp/google\"]",
      "instances": [
        {
          "index_key": "tf-dev-logs-bucket",
          "schema_version": 3,
          "attributes": {
            "autoclass": [],
            "cors": [],
            "custom_placement_config": [],
            "default_event_based_hold": false,
            "effective_labels": {
              "environment": "dev",
              "goog-terraform-provisioned": "true",
              "team": "infra"
            },
            "enable_object_retention": false,
            "encryption": [],
            "force_destroy": true,
            "hierarchical_namespace": [
              {
                "enabled": false
              }
            ],
            "id": "tf-dev-logs-bucket",
            "ip_filter": [],
            "labels": {
              "environment": "dev",
              "team": "infra"
            },
            "lifecycle_rule": [
              {
                "action": [
                  {
                    "storage_class": "",
                    "type": "Delete"
                  }
                ],
                "condition": [
                  {
                    "age": 30,
                    "created_before": "",
                    "custom_time_before": "",
                    "days_since_custom_time": 0,
                    "days_since_noncurrent_time": 0,
                    "matches_prefix": [],
                    "matches_storage_class": [],
                    "matches_suffix": [],
                    "noncurrent_time_before": "",
                    "num_newer_versions": 0,
                    "send_age_if_zero": false,
                    "send_days_since_custom_time_if_zero": false,
                    "send_days_since_noncurrent_time_if_zero": false,
                    "send_num_newer_versions_if_zero": false,
                    "with_state": "ANY"
                  }
                ]
              }
            ],
            "location": "US",
            "logging": [],
            "name": "tf-dev-logs-bucket",
            "project": "testing-practice-462409",
            "project_number": 1886521703,
            "public_access_prevention": "inherited",
            "requester_pays": false,
            "retention_policy": [],
            "rpo": "DEFAULT",
            "self_link": "https://www.googleapis.com/storage/v1/b/tf-dev-logs-bucket",
            "soft_delete_policy": [
              {
                "effective_time": "2025-07-17T04:41:31.878Z",
                "retention_duration_seconds": 604800
              }
            ],
            "storage_class": "STANDARD",
            "terraform_labels": {
              "environment": "dev",
              "goog-terraform-provisioned": "true",
              "team": "infra"
            },
            "time_created": "2025-07-17T04:41:31.878Z",
            "timeouts": null,
            "uniform_bucket_level_access": true,
            "updated": "2025-07-17T04:41:31.878Z",
            "url": "gs://tf-dev-logs-bucket",
            "versioning": [
              {
                "enabled": true
              }
            ],
            "website": []
          },
          "sensitive_attributes": [],
          "identity_schema_version": 0,
          "private": "eyJlMmJmYjczMC1lY2FhLTExZTYtOGY4OC0zNDM2M2JjN2M0YzAiOnsiY3JlYXRlIjo2MDAwMDAwMDAwMDAsInJlYWQiOjI0MDAwMDAwMDAwMCwidXBkYXRlIjoyNDAwMDAwMDAwMDB9LCJzY2hlbWFfdmVyc2lvbiI6IjMifQ=="
        }
      ]
    },
    {
      "module": "module.subnet",
      "mode": "managed",
      "type": "google_compute_subnetwork",
      "name": "subnets",
      "provider": "provider[\"registry.terraform.io/hashicorp/google\"]",
      "instances": [
        {
          "index_key": "subnet-1",
          "schema_version": 0,
          "attributes": {
            "creation_timestamp": "2025-07-16T21:41:45.208-07:00",
            "description": "",
            "enable_flow_logs": false,
            "external_ipv6_prefix": "",
            "fingerprint": null,
            "gateway_address": "10.10.0.1",
            "id": "projects/testing-practice-462409/regions/us-central1/subnetworks/subnet-1",
            "internal_ipv6_prefix": "",
            "ip_cidr_range": "10.10.0.0/16",
            "ip_collection": null,
            "ipv6_access_type": "",
            "ipv6_cidr_range": "",
            "ipv6_gce_endpoint": "",
            "log_config": [],
            "name": "subnet-1",
            "network": "https://www.googleapis.com/compute/v1/projects/testing-practice-462409/global/networks/terraform-testing-vpc",
            "private_ip_google_access": false,
            "private_ipv6_google_access": "DISABLE_GOOGLE_ACCESS",
            "project": "testing-practice-462409",
            "purpose": "PRIVATE",
            "region": "us-central1",
            "reserved_internal_range": "",
            "role": "",
            "secondary_ip_range": [],
            "self_link": "https://www.googleapis.com/compute/v1/projects/testing-practice-462409/regions/us-central1/subnetworks/subnet-1",
            "send_secondary_ip_range_if_empty": null,
            "stack_type": "IPV4_ONLY",
            "state": "",
            "subnetwork_id": -1227505178,
            "timeouts": null
          },
          "sensitive_attributes": [],
          "identity_schema_version": 0,
          "private": "eyJlMmJmYjczMC1lY2FhLTExZTYtOGY4OC0zNDM2M2JjN2M0YzAiOnsiY3JlYXRlIjoxMjAwMDAwMDAwMDAwLCJkZWxldGUiOjEyMDAwMDAwMDAwMDAsInVwZGF0ZSI6MTIwMDAwMDAwMDAwMH19",
          "dependencies": [
            "module.vpc.google_compute_network.vpc_network"
          ]
        },
        {
          "index_key": "subnet-2",
          "schema_version": 0,
          "attributes": {
            "creation_timestamp": "2025-07-16T21:41:45.323-07:00",
            "description": "",
            "enable_flow_logs": false,
            "external_ipv6_prefix": "",
            "fingerprint": null,
            "gateway_address": "10.20.0.1",
            "id": "projects/testing-practice-462409/regions/us-east1/subnetworks/subnet-2",
            "internal_ipv6_prefix": "",
            "ip_cidr_range": "10.20.0.0/16",
            "ip_collection": null,
            "ipv6_access_type": "",
            "ipv6_cidr_range": "",
            "ipv6_gce_endpoint": "",
            "log_config": [],
            "name": "subnet-2",
            "network": "https://www.googleapis.com/compute/v1/projects/testing-practice-462409/global/networks/terraform-testing-vpc",
            "private_ip_google_access": false,
            "private_ipv6_google_access": "DISABLE_GOOGLE_ACCESS",
            "project": "testing-practice-462409",
            "purpose": "PRIVATE",
            "region": "us-east1",
            "reserved_internal_range": "",
            "role": "",
            "secondary_ip_range": [],
            "self_link": "https://www.googleapis.com/compute/v1/projects/testing-practice-462409/regions/us-east1/subnetworks/subnet-2",
            "send_secondary_ip_range_if_empty": null,
            "stack_type": "IPV4_ONLY",
            "state": "",
            "subnetwork_id": -1227505178,
            "timeouts": null
          },
          "sensitive_attributes": [],
          "identity_schema_version": 0,
          "private": "eyJlMmJmYjczMC1lY2FhLTExZTYtOGY4OC0zNDM2M2JjN2M0YzAiOnsiY3JlYXRlIjoxMjAwMDAwMDAwMDAwLCJkZWxldGUiOjEyMDAwMDAwMDAwMDAsInVwZGF0ZSI6MTIwMDAwMDAwMDAwMH19",
          "dependencies": [
            "module.vpc.google_compute_network.vpc_network"
          ]
        }
      ]
    },
    {
      "module": "module.vpc",
      "mode": "managed",
      "type": "google_compute_network",
      "name": "vpc_network",
      "provider": "provider[\"registry.terraform.io/hashicorp/google\"]",
      "instances": [
        {
          "schema_version": 0,
          "attributes": {
            "auto_create_subnetworks": false,
            "bgp_always_compare_med": false,
            "bgp_best_path_selection_mode": "LEGACY",
            "bgp_inter_region_cost": "",
            "delete_default_routes_on_create": false,
            "description": "This is the vpc for dev enviroment",
            "enable_ula_internal_ipv6": false,
            "gateway_ipv4": "",
            "id": "projects/testing-practice-462409/global/networks/terraform-testing-vpc",
            "internal_ipv6_range": "",
            "mtu": 1460,
            "name": "terraform-testing-vpc",
            "network_firewall_policy_enforcement_order": "AFTER_CLASSIC_FIREWALL",
            "network_id": "2690949253422235668",
            "network_profile": "",
            "numeric_id": "2690949253422235668",
            "params": [],
            "project": "testing-practice-462409",
            "routing_mode": "REGIONAL",
            "self_link": "https://www.googleapis.com/compute/v1/projects/testing-practice-462409/global/networks/terraform-testing-vpc",
            "timeouts": null
          },
          "sensitive_attributes": [],
          "identity_schema_version": 0,
          "private": "eyJlMmJmYjczMC1lY2FhLTExZTYtOGY4OC0zNDM2M2JjN2M0YzAiOnsiY3JlYXRlIjoxMjAwMDAwMDAwMDAwLCJkZWxldGUiOjEyMDAwMDAwMDAwMDAsInVwZGF0ZSI6MTIwMDAwMDAwMDAwMH19"
        }
      ]
    }
  ],
  "check_results": null
}
